<?xml version="1.0" encoding="utf-8"?>
<Project ToolsVersion="4.0" xmlns="http://schemas.microsoft.com/developer/msbuild/2003">
  <ItemGroup>
    <Filter Include="Source Files">
      <UniqueIdentifier>{39dc7267-4357-46c7-b965-cfbff430bc89}</UniqueIdentifier>
      <Extensions>cpp;c;cxx;rc;def;r;odl;idl;hpj;bat</Extensions>
    </Filter>
    <Filter Include="Header Files">
      <UniqueIdentifier>{d352c8f2-45b8-49f5-bbd4-454ec8373e11}</UniqueIdentifier>
      <Extensions>h;hpp;hxx;hm;inl</Extensions>
    </Filter>
    <Filter Include="Resource Files">
      <UniqueIdentifier>{84559328-16ad-4829-be99-79247978e5a1}</UniqueIdentifier>
      <Extensions>ico;cur;bmp;dlg;rc2;rct;bin;rgs;gif;jpg;jpeg;jpe</Extensions>
    </Filter>
    <Filter Include="Common">
      <UniqueIdentifier>{cba16cd6-3920-438f-beae-692f6b59e06f}</UniqueIdentifier>
    </Filter>
    <Filter Include="Common\FSM">
      <UniqueIdentifier>{c6618081-1841-4d0c-a02d-5cfee075f601}</UniqueIdentifier>
    </Filter>
    <Filter Include="Common\Messaging">
      <UniqueIdentifier>{97db61b8-caa1-4f73-b17c-1c0d084b7677}</UniqueIdentifier>
    </Filter>
    <Filter Include="Common\misc">
      <UniqueIdentifier>{1d841a74-6708-4427-bb58-cc4b677ba99c}</UniqueIdentifier>
    </Filter>
    <Filter Include="Common\Time">
      <UniqueIdentifier>{42531acc-6d41-49ba-a177-99151fb12a05}</UniqueIdentifier>
    </Filter>
  </ItemGroup>
  <ItemGroup>
    <ClCompile Include="BaseGameEntity.cpp">
      <Filter>Source Files</Filter>
    </ClCompile>
    <ClCompile Include="EntityManager.cpp">
      <Filter>Source Files</Filter>
    </ClCompile>
    <ClCompile Include="main.cpp">
      <Filter>Source Files</Filter>
    </ClCompile>
    <ClCompile Include="Miner.cpp">
      <Filter>Source Files</Filter>
    </ClCompile>
    <ClCompile Include="MinerOwnedStates.cpp">
      <Filter>Source Files</Filter>
    </ClCompile>
    <ClCompile Include="MinersWife.cpp">
      <Filter>Source Files</Filter>
    </ClCompile>
    <ClCompile Include="MinersWifeOwnedStates.cpp">
      <Filter>Source Files</Filter>
    </ClCompile>
    <ClCompile Include="MinersSon.cpp">
      <Filter>Source Files</Filter>
    </ClCompile>
    <ClCompile Include="MinersSonOwnedStates.cpp">
      <Filter>Source Files</Filter>
    </ClCompile>
    <ClCompile Include="..\Common\Time\CrudeTimer.cpp">
      <Filter>Common\Time</Filter>
    </ClCompile>
    <ClCompile Include="..\Common\Messaging\MessageDispatcher.cpp">
      <Filter>Common\Messaging</Filter>
    </ClCompile>
  </ItemGroup>
  <ItemGroup>
    <ClInclude Include="BaseGameEntity.h">
      <Filter>Header Files</Filter>
    </ClInclude>
    <ClInclude Include="EntityManager.h">
      <Filter>Header Files</Filter>
    </ClInclude>
    <ClInclude Include="EntityNames.h">
      <Filter>Header Files</Filter>
    </ClInclude>
    <ClInclude Include="Locations.h">
      <Filter>Header Files</Filter>
    </ClInclude>
    <ClInclude Include="MessageTypes.h">
      <Filter>Header Files</Filter>
    </ClInclude>
    <ClInclude Include="Miner.h">
      <Filter>Header Files</Filter>
    </ClInclude>
    <ClInclude Include="MinerOwnedStates.h">
      <Filter>Header Files</Filter>
    </ClInclude>
    <ClInclude Include="MinersWife.h">
      <Filter>Header Files</Filter>
    </ClInclude>
    <ClInclude Include="MinersWifeOwnedStates.h">
      <Filter>Header Files</Filter>
    </ClInclude>
    <ClInclude Include="MinersSon.h">
      <Filter>Header Files</Filter>
    </ClInclude>
    <ClInclude Include="MinersSonOwnedStates.h">
      <Filter>Header Files</Filter>
    </ClInclude>
    <ClInclude Include="..\Common\FSM\State.h">
      <Filter>Common\FSM</Filter>
    </ClInclude>
    <ClInclude Include="..\Common\FSM\StateMachine.h">
      <Filter>Common\FSM</Filter>
    </ClInclude>
    <ClInclude Include="..\Common\Messaging\Telegram.h">
      <Filter>Common\Messaging</Filter>
    </ClInclude>
    <ClInclude Include="..\Common\misc\ConsoleUtils.h">
      <Filter>Common\misc</Filter>
    </ClInclude>
    <ClInclude Include="..\Common\misc\TypeToString.h">
      <Filter>Common\misc</Filter>
    </ClInclude>
    <ClInclude Include="..\Common\misc\utils.h">
      <Filter>Common\misc</Filter>
    </ClInclude>
    <ClInclude Include="..\Common\Time\CrudeTimer.h">
      <Filter>Common\Time</Filter>
    </ClInclude>
    <ClInclude Include="..\Common\Messaging\MessageDispatcher.h">
      <Filter>Common\Messaging</Filter>
    </ClInclude>
  </ItemGroup>
</Project>